
Microsoft Visual Studio Solution File, Format Version 12.00
# Visual Studio Version 16
VisualStudioVersion = 16.0.30717.126
MinimumVisualStudioVersion = 10.0.40219.1
Project("{FAE04EC0-301F-11D3-BF4B-00C04F79EFBC}") = "MvcFirst", "MvcFirst\MvcFirst.csproj", "{33188414-2B60-4F7E-A9D5-04C0E7736F8A}"
EndProject
Global
	GlobalSection(SolutionConfigurationPlatforms) = preSolution
		Debug|Any CPU = Debug|Any CPU
		Release|Any CPU = Release|Any CPU
	EndGlobalSection
	GlobalSection(ProjectConfigurationPlatforms) = postSolution
		{33188414-2B60-4F7E-A9D5-04C0E7736F8A}.Debug|Any CPU.ActiveCfg = Debug|Any CPU
		{33188414-2B60-4F7E-A9D5-04C0E7736F8A}.Debug|Any CPU.Build.0 = Debug|Any CPU
		{33188414-2B60-4F7E-A9D5-04C0E7736F8A}.Release|Any CPU.ActiveCfg = Release|Any CPU
		{33188414-2B60-4F7E-A9D5-04C0E7736F8A}.Release|Any CPU.Build.0 = Release|Any CPU
	EndGlobalSection
	GlobalSection(SolutionProperties) = preSolution
		HideSolutionNode = FALSE
	EndGlobalSection
	GlobalSection(ExtensibilityGlobals) = postSolution
		SolutionGuid = {66F5F24B-CCA2-449C-AF90-314765AF5258}
	EndGlobalSection
EndGlobal
