
Microsoft Visual Studio Solution File, Format Version 12.00
# Visual Studio Version 16
VisualStudioVersion = 16.0.30717.126
MinimumVisualStudioVersion = 10.0.40219.1
Project("{FAE04EC0-301F-11D3-BF4B-00C04F79EFBC}") = "RankingApp-Rookiss", "RankingApp-Rookiss\RankingApp-Rookiss.csproj", "{3D62B6B7-A393-425C-A744-99D18F111FCD}"
EndProject
Global
	GlobalSection(SolutionConfigurationPlatforms) = preSolution
		Debug|Any CPU = Debug|Any CPU
		Release|Any CPU = Release|Any CPU
	EndGlobalSection
	GlobalSection(ProjectConfigurationPlatforms) = postSolution
		{3D62B6B7-A393-425C-A744-99D18F111FCD}.Debug|Any CPU.ActiveCfg = Debug|Any CPU
		{3D62B6B7-A393-425C-A744-99D18F111FCD}.Debug|Any CPU.Build.0 = Debug|Any CPU
		{3D62B6B7-A393-425C-A744-99D18F111FCD}.Release|Any CPU.ActiveCfg = Release|Any CPU
		{3D62B6B7-A393-425C-A744-99D18F111FCD}.Release|Any CPU.Build.0 = Release|Any CPU
	EndGlobalSection
	GlobalSection(SolutionProperties) = preSolution
		HideSolutionNode = FALSE
	EndGlobalSection
	GlobalSection(ExtensibilityGlobals) = postSolution
		SolutionGuid = {D15A3570-6D11-4F3A-AC4B-AC3772466909}
	EndGlobalSection
EndGlobal
